
Microsoft Visual Studio Solution File, Format Version 12.00
# Visual Studio Version 17
VisualStudioVersion = 17.11.35327.3
MinimumVisualStudioVersion = 10.0.40219.1
Project("{FAE04EC0-301F-11D3-BF4B-00C04F79EFBC}") = "Dijkstra_algorithm", "Dijkstra_algorithm\Dijkstra_algorithm.csproj", "{876E7451-D41C-4D75-BA4D-ADD6A9B1DC11}"
EndProject
Global
	GlobalSection(SolutionConfigurationPlatforms) = preSolution
		Debug|Any CPU = Debug|Any CPU
		Release|Any CPU = Release|Any CPU
	EndGlobalSection
	GlobalSection(ProjectConfigurationPlatforms) = postSolution
		{876E7451-D41C-4D75-BA4D-ADD6A9B1DC11}.Debug|Any CPU.ActiveCfg = Debug|Any CPU
		{876E7451-D41C-4D75-BA4D-ADD6A9B1DC11}.Debug|Any CPU.Build.0 = Debug|Any CPU
		{876E7451-D41C-4D75-BA4D-ADD6A9B1DC11}.Release|Any CPU.ActiveCfg = Release|Any CPU
		{876E7451-D41C-4D75-BA4D-ADD6A9B1DC11}.Release|Any CPU.Build.0 = Release|Any CPU
	EndGlobalSection
	GlobalSection(SolutionProperties) = preSolution
		HideSolutionNode = FALSE
	EndGlobalSection
	GlobalSection(ExtensibilityGlobals) = postSolution
		SolutionGuid = {B59785D3-CAC1-418D-BFB3-ED5384540E88}
	EndGlobalSection
EndGlobal
