
Microsoft Visual Studio Solution File, Format Version 12.00
# Visual Studio Version 17
VisualStudioVersion = 17.11.35327.3
MinimumVisualStudioVersion = 10.0.40219.1
Project("{FAE04EC0-301F-11D3-BF4B-00C04F79EFBC}") = "Dijkstra_algorithm", "Dijkstra_algorithm\Dijkstra_algorithm.csproj", "{FDB10882-A592-46CD-BF6C-32A84FA9F7FE}"
EndProject
Global
	GlobalSection(SolutionConfigurationPlatforms) = preSolution
		Debug|Any CPU = Debug|Any CPU
		Release|Any CPU = Release|Any CPU
	EndGlobalSection
	GlobalSection(ProjectConfigurationPlatforms) = postSolution
		{FDB10882-A592-46CD-BF6C-32A84FA9F7FE}.Debug|Any CPU.ActiveCfg = Debug|Any CPU
		{FDB10882-A592-46CD-BF6C-32A84FA9F7FE}.Debug|Any CPU.Build.0 = Debug|Any CPU
		{FDB10882-A592-46CD-BF6C-32A84FA9F7FE}.Release|Any CPU.ActiveCfg = Release|Any CPU
		{FDB10882-A592-46CD-BF6C-32A84FA9F7FE}.Release|Any CPU.Build.0 = Release|Any CPU
	EndGlobalSection
	GlobalSection(SolutionProperties) = preSolution
		HideSolutionNode = FALSE
	EndGlobalSection
	GlobalSection(ExtensibilityGlobals) = postSolution
		SolutionGuid = {10FD553B-204F-475B-B5A5-893838672864}
	EndGlobalSection
EndGlobal
