
Microsoft Visual Studio Solution File, Format Version 12.00
# Visual Studio Version 17
VisualStudioVersion = 17.11.35327.3
MinimumVisualStudioVersion = 10.0.40219.1
Project("{FAE04EC0-301F-11D3-BF4B-00C04F79EFBC}") = "sorting_application", "sorting_application\sorting_application.csproj", "{67EFDA87-3B9B-4BAC-8ADB-5EFE603269B3}"
EndProject
Global
	GlobalSection(SolutionConfigurationPlatforms) = preSolution
		Debug|Any CPU = Debug|Any CPU
		Release|Any CPU = Release|Any CPU
	EndGlobalSection
	GlobalSection(ProjectConfigurationPlatforms) = postSolution
		{67EFDA87-3B9B-4BAC-8ADB-5EFE603269B3}.Debug|Any CPU.ActiveCfg = Debug|Any CPU
		{67EFDA87-3B9B-4BAC-8ADB-5EFE603269B3}.Debug|Any CPU.Build.0 = Debug|Any CPU
		{67EFDA87-3B9B-4BAC-8ADB-5EFE603269B3}.Release|Any CPU.ActiveCfg = Release|Any CPU
		{67EFDA87-3B9B-4BAC-8ADB-5EFE603269B3}.Release|Any CPU.Build.0 = Release|Any CPU
	EndGlobalSection
	GlobalSection(SolutionProperties) = preSolution
		HideSolutionNode = FALSE
	EndGlobalSection
	GlobalSection(ExtensibilityGlobals) = postSolution
		SolutionGuid = {E5CC87C6-7E7A-4F8A-BCA2-A1FB84E091BD}
	EndGlobalSection
EndGlobal
