
Microsoft Visual Studio Solution File, Format Version 12.00
# Visual Studio Version 17
VisualStudioVersion = 17.11.35327.3
MinimumVisualStudioVersion = 10.0.40219.1
Project("{FAE04EC0-301F-11D3-BF4B-00C04F79EFBC}") = "bubble_sort", "bubble_sort\bubble_sort.csproj", "{846B18DB-B4E3-4F68-916E-F90368F18A67}"
EndProject
Global
	GlobalSection(SolutionConfigurationPlatforms) = preSolution
		Debug|Any CPU = Debug|Any CPU
		Release|Any CPU = Release|Any CPU
	EndGlobalSection
	GlobalSection(ProjectConfigurationPlatforms) = postSolution
		{846B18DB-B4E3-4F68-916E-F90368F18A67}.Debug|Any CPU.ActiveCfg = Debug|Any CPU
		{846B18DB-B4E3-4F68-916E-F90368F18A67}.Debug|Any CPU.Build.0 = Debug|Any CPU
		{846B18DB-B4E3-4F68-916E-F90368F18A67}.Release|Any CPU.ActiveCfg = Release|Any CPU
		{846B18DB-B4E3-4F68-916E-F90368F18A67}.Release|Any CPU.Build.0 = Release|Any CPU
	EndGlobalSection
	GlobalSection(SolutionProperties) = preSolution
		HideSolutionNode = FALSE
	EndGlobalSection
	GlobalSection(ExtensibilityGlobals) = postSolution
		SolutionGuid = {545DE1C4-9A0F-4775-A2EE-5927AEE75520}
	EndGlobalSection
EndGlobal
