
Microsoft Visual Studio Solution File, Format Version 12.00
# Visual Studio Version 17
VisualStudioVersion = 17.11.35327.3
MinimumVisualStudioVersion = 10.0.40219.1
Project("{FAE04EC0-301F-11D3-BF4B-00C04F79EFBC}") = "insert_sort", "insert_sort\insert_sort.csproj", "{D560F3D4-10F6-4349-8A38-BEFEDDE49E4B}"
EndProject
Global
	GlobalSection(SolutionConfigurationPlatforms) = preSolution
		Debug|Any CPU = Debug|Any CPU
		Release|Any CPU = Release|Any CPU
	EndGlobalSection
	GlobalSection(ProjectConfigurationPlatforms) = postSolution
		{D560F3D4-10F6-4349-8A38-BEFEDDE49E4B}.Debug|Any CPU.ActiveCfg = Debug|Any CPU
		{D560F3D4-10F6-4349-8A38-BEFEDDE49E4B}.Debug|Any CPU.Build.0 = Debug|Any CPU
		{D560F3D4-10F6-4349-8A38-BEFEDDE49E4B}.Release|Any CPU.ActiveCfg = Release|Any CPU
		{D560F3D4-10F6-4349-8A38-BEFEDDE49E4B}.Release|Any CPU.Build.0 = Release|Any CPU
	EndGlobalSection
	GlobalSection(SolutionProperties) = preSolution
		HideSolutionNode = FALSE
	EndGlobalSection
	GlobalSection(ExtensibilityGlobals) = postSolution
		SolutionGuid = {662EA483-234A-41DA-AA1A-373BC445CACF}
	EndGlobalSection
EndGlobal
